
Microsoft Visual Studio Solution File, Format Version 12.00
# Visual Studio Version 17
VisualStudioVersion = 17.4.33213.308
MinimumVisualStudioVersion = 10.0.40219.1
Project("{FAE04EC0-301F-11D3-BF4B-00C04F79EFBC}") = "LibTransportes", "LibTransportes\LibTransportes.csproj", "{1FD13EBC-8C5B-484C-879C-70AABC831522}"
EndProject
Project("{FAE04EC0-301F-11D3-BF4B-00C04F79EFBC}") = "PresentaciónVehiculos", "PresentaciónVehiculos\PresentaciónVehiculos.csproj", "{958CB15A-F1B5-44B5-8562-C1F56BD629E3}"
EndProject
Project("{FAE04EC0-301F-11D3-BF4B-00C04F79EFBC}") = "WindowsEFDatos", "WindowsEFDatos\WindowsEFDatos.csproj", "{8E5C17FA-2CC5-4FAC-82B6-D3DA809AF6DF}"
EndProject
Global
	GlobalSection(SolutionConfigurationPlatforms) = preSolution
		Debug|Any CPU = Debug|Any CPU
		Release|Any CPU = Release|Any CPU
	EndGlobalSection
	GlobalSection(ProjectConfigurationPlatforms) = postSolution
		{1FD13EBC-8C5B-484C-879C-70AABC831522}.Debug|Any CPU.ActiveCfg = Debug|Any CPU
		{1FD13EBC-8C5B-484C-879C-70AABC831522}.Debug|Any CPU.Build.0 = Debug|Any CPU
		{1FD13EBC-8C5B-484C-879C-70AABC831522}.Release|Any CPU.ActiveCfg = Release|Any CPU
		{1FD13EBC-8C5B-484C-879C-70AABC831522}.Release|Any CPU.Build.0 = Release|Any CPU
		{958CB15A-F1B5-44B5-8562-C1F56BD629E3}.Debug|Any CPU.ActiveCfg = Debug|Any CPU
		{958CB15A-F1B5-44B5-8562-C1F56BD629E3}.Debug|Any CPU.Build.0 = Debug|Any CPU
		{958CB15A-F1B5-44B5-8562-C1F56BD629E3}.Release|Any CPU.ActiveCfg = Release|Any CPU
		{958CB15A-F1B5-44B5-8562-C1F56BD629E3}.Release|Any CPU.Build.0 = Release|Any CPU
		{8E5C17FA-2CC5-4FAC-82B6-D3DA809AF6DF}.Debug|Any CPU.ActiveCfg = Debug|Any CPU
		{8E5C17FA-2CC5-4FAC-82B6-D3DA809AF6DF}.Debug|Any CPU.Build.0 = Debug|Any CPU
		{8E5C17FA-2CC5-4FAC-82B6-D3DA809AF6DF}.Release|Any CPU.ActiveCfg = Release|Any CPU
		{8E5C17FA-2CC5-4FAC-82B6-D3DA809AF6DF}.Release|Any CPU.Build.0 = Release|Any CPU
	EndGlobalSection
	GlobalSection(SolutionProperties) = preSolution
		HideSolutionNode = FALSE
	EndGlobalSection
	GlobalSection(ExtensibilityGlobals) = postSolution
		SolutionGuid = {1FA5034D-7764-4F1A-9ADA-54829825F82A}
	EndGlobalSection
EndGlobal
